// !$*UTF8*$!
{
	archiveVersion = 1;
	classes = {
	};
	objectVersion = 46;
	objects = {

/* Begin PBXBuildFile section */
		778BA32B19B8917A005352F0 /* Foundation.framework in Frameworks */ = {isa = PBXBuildFile; fileRef = 778BA32A19B8917A005352F0 /* Foundation.framework */; };
		778BA32D19B8917A005352F0 /* CoreGraphics.framework in Frameworks */ = {isa = PBXBuildFile; fileRef = 778BA32C19B8917A005352F0 /* CoreGraphics.framework */; };
		778BA32F19B8917A005352F0 /* UIKit.framework in Frameworks */ = {isa = PBXBuildFile; fileRef = 778BA32E19B8917A005352F0 /* UIKit.framework */; };
		778BA33519B8917A005352F0 /* InfoPlist.strings in Resources */ = {isa = PBXBuildFile; fileRef = 778BA33319B8917A005352F0 /* InfoPlist.strings */; };
		778BA33719B8917A005352F0 /* main.m in Sources */ = {isa = PBXBuildFile; fileRef = 778BA33619B8917A005352F0 /* main.m */; };
		778BA33B19B8917A005352F0 /* AppDelegate.m in Sources */ = {isa = PBXBuildFile; fileRef = 778BA33A19B8917A005352F0 /* AppDelegate.m */; };
		778BA33E19B8917A005352F0 /* Main.storyboard in Resources */ = {isa = PBXBuildFile; fileRef = 778BA33C19B8917A005352F0 /* Main.storyboard */; };
		778BA34119B8917A005352F0 /* ViewController.m in Sources */ = {isa = PBXBuildFile; fileRef = 778BA34019B8917A005352F0 /* ViewController.m */; };
		778BA34319B8917A005352F0 /* Images.xcassets in Resources */ = {isa = PBXBuildFile; fileRef = 778BA34219B8917A005352F0 /* Images.xcassets */; };
		778BA34A19B8917A005352F0 /* XCTest.framework in Frameworks */ = {isa = PBXBuildFile; fileRef = 778BA34919B8917A005352F0 /* XCTest.framework */; };
		778BA34B19B8917A005352F0 /* Foundation.framework in Frameworks */ = {isa = PBXBuildFile; fileRef = 778BA32A19B8917A005352F0 /* Foundation.framework */; };
		778BA34C19B8917A005352F0 /* UIKit.framework in Frameworks */ = {isa = PBXBuildFile; fileRef = 778BA32E19B8917A005352F0 /* UIKit.framework */; };
		778BA35419B8917A005352F0 /* InfoPlist.strings in Resources */ = {isa = PBXBuildFile; fileRef = 778BA35219B8917A005352F0 /* InfoPlist.strings */; };
		778BA35619B8917A005352F0 /* psoTests.m in Sources */ = {isa = PBXBuildFile; fileRef = 778BA35519B8917A005352F0 /* psoTests.m */; };
/* End PBXBuildFile section */

/* Begin PBXContainerItemProxy section */
		778BA34D19B8917A005352F0 /* PBXContainerItemProxy */ = {
			isa = PBXContainerItemProxy;
			containerPortal = 778BA31F19B8917A005352F0 /* Project object */;
			proxyType = 1;
			remoteGlobalIDString = 778BA32619B8917A005352F0;
			remoteInfo = pso;
		};
/* End PBXContainerItemProxy section */

/* Begin PBXFileReference section */
		778BA32719B8917A005352F0 /* pso.app */ = {isa = PBXFileReference; explicitFileType = wrapper.application; includeInIndex = 0; path = pso.app; sourceTree = BUILT_PRODUCTS_DIR; };
		778BA32A19B8917A005352F0 /* Foundation.framework */ = {isa = PBXFileReference; lastKnownFileType = wrapper.framework; name = Foundation.framework; path = System/Library/Frameworks/Foundation.framework; sourceTree = SDKROOT; };
		778BA32C19B8917A005352F0 /* CoreGraphics.framework */ = {isa = PBXFileReference; lastKnownFileType = wrapper.framework; name = CoreGraphics.framework; path = System/Library/Frameworks/CoreGraphics.framework; sourceTree = SDKROOT; };
		778BA32E19B8917A005352F0 /* UIKit.framework */ = {isa = PBXFileReference; lastKnownFileType = wrapper.framework; name = UIKit.framework; path = System/Library/Frameworks/UIKit.framework; sourceTree = SDKROOT; };
		778BA33219B8917A005352F0 /* pso-Info.plist */ = {isa = PBXFileReference; lastKnownFileType = text.plist.xml; path = "pso-Info.plist"; sourceTree = "<group>"; };
		778BA33419B8917A005352F0 /* en */ = {isa = PBXFileReference; lastKnownFileType = text.plist.strings; name = en; path = en.lproj/InfoPlist.strings; sourceTree = "<group>"; };
		778BA33619B8917A005352F0 /* main.m */ = {isa = PBXFileReference; lastKnownFileType = sourcecode.c.objc; path = main.m; sourceTree = "<group>"; };
		778BA33819B8917A005352F0 /* pso-Prefix.pch */ = {isa = PBXFileReference; lastKnownFileType = sourcecode.c.h; path = "pso-Prefix.pch"; sourceTree = "<group>"; };
		778BA33919B8917A005352F0 /* AppDelegate.h */ = {isa = PBXFileReference; lastKnownFileType = sourcecode.c.h; path = AppDelegate.h; sourceTree = "<group>"; };
		778BA33A19B8917A005352F0 /* AppDelegate.m */ = {isa = PBXFileReference; lastKnownFileType = sourcecode.c.objc; path = AppDelegate.m; sourceTree = "<group>"; };
		778BA33D19B8917A005352F0 /* Base */ = {isa = PBXFileReference; lastKnownFileType = file.storyboard; name = Base; path = Base.lproj/Main.storyboard; sourceTree = "<group>"; };
		778BA33F19B8917A005352F0 /* ViewController.h */ = {isa = PBXFileReference; lastKnownFileType = sourcecode.c.h; path = ViewController.h; sourceTree = "<group>"; };
		778BA34019B8917A005352F0 /* ViewController.m */ = {isa = PBXFileReference; lastKnownFileType = sourcecode.c.objc; path = ViewController.m; sourceTree = "<group>"; };
		778BA34219B8917A005352F0 /* Images.xcassets */ = {isa = PBXFileReference; lastKnownFileType = folder.assetcatalog; path = Images.xcassets; sourceTree = "<group>"; };
		778BA34819B8917A005352F0 /* psoTests.xctest */ = {isa = PBXFileReference; explicitFileType = wrapper.cfbundle; includeInIndex = 0; path = psoTests.xctest; sourceTree = BUILT_PRODUCTS_DIR; };
		778BA34919B8917A005352F0 /* XCTest.framework */ = {isa = PBXFileReference; lastKnownFileType = wrapper.framework; name = XCTest.framework; path = Library/Frameworks/XCTest.framework; sourceTree = DEVELOPER_DIR; };
		778BA35119B8917A005352F0 /* psoTests-Info.plist */ = {isa = PBXFileReference; lastKnownFileType = text.plist.xml; path = "psoTests-Info.plist"; sourceTree = "<group>"; };
		778BA35319B8917A005352F0 /* en */ = {isa = PBXFileReference; lastKnownFileType = text.plist.strings; name = en; path = en.lproj/InfoPlist.strings; sourceTree = "<group>"; };
		778BA35519B8917A005352F0 /* psoTests.m */ = {isa = PBXFileReference; lastKnownFileType = sourcecode.c.objc; path = psoTests.m; sourceTree = "<group>"; };
/* End PBXFileReference section */

/* Begin PBXFrameworksBuildPhase section */
		778BA32419B8917A005352F0 /* Frameworks */ = {
			isa = PBXFrameworksBuildPhase;
			buildActionMask = 2147483647;
			files = (
				778BA32D19B8917A005352F0 /* CoreGraphics.framework in Frameworks */,
				778BA32F19B8917A005352F0 /* UIKit.framework in Frameworks */,
				778BA32B19B8917A005352F0 /* Foundation.framework in Frameworks */,
			);
			runOnlyForDeploymentPostprocessing = 0;
		};
		778BA34519B8917A005352F0 /* Frameworks */ = {
			isa = PBXFrameworksBuildPhase;
			buildActionMask = 2147483647;
			files = (
				778BA34A19B8917A005352F0 /* XCTest.framework in Frameworks */,
				778BA34C19B8917A005352F0 /* UIKit.framework in Frameworks */,
				778BA34B19B8917A005352F0 /* Foundation.framework in Frameworks */,
			);
			runOnlyForDeploymentPostprocessing = 0;
		};
/* End PBXFrameworksBuildPhase section */

/* Begin PBXGroup section */
		778BA31E19B8917A005352F0 = {
			isa = PBXGroup;
			children = (
				778BA33019B8917A005352F0 /* pso */,
				778BA34F19B8917A005352F0 /* psoTests */,
				778BA32919B8917A005352F0 /* Frameworks */,
				778BA32819B8917A005352F0 /* Products */,
			);
			sourceTree = "<group>";
		};
		778BA32819B8917A005352F0 /* Products */ = {
			isa = PBXGroup;
			children = (
				778BA32719B8917A005352F0 /* pso.app */,
				778BA34819B8917A005352F0 /* psoTests.xctest */,
			);
			name = Products;
			sourceTree = "<group>";
		};
		778BA32919B8917A005352F0 /* Frameworks */ = {
			isa = PBXGroup;
			children = (
				778BA32A19B8917A005352F0 /* Foundation.framework */,
				778BA32C19B8917A005352F0 /* CoreGraphics.framework */,
				778BA32E19B8917A005352F0 /* UIKit.framework */,
				778BA34919B8917A005352F0 /* XCTest.framework */,
			);
			name = Frameworks;
			sourceTree = "<group>";
		};
		778BA33019B8917A005352F0 /* pso */ = {
			isa = PBXGroup;
			children = (
				778BA33919B8917A005352F0 /* AppDelegate.h */,
				778BA33A19B8917A005352F0 /* AppDelegate.m */,
				778BA33C19B8917A005352F0 /* Main.storyboard */,
				778BA33F19B8917A005352F0 /* ViewController.h */,
				778BA34019B8917A005352F0 /* ViewController.m */,
				778BA34219B8917A005352F0 /* Images.xcassets */,
				778BA33119B8917A005352F0 /* Supporting Files */,
			);
			path = pso;
			sourceTree = "<group>";
		};
		778BA33119B8917A005352F0 /* Supporting Files */ = {
			isa = PBXGroup;
			children = (
				778BA33219B8917A005352F0 /* pso-Info.plist */,
				778BA33319B8917A005352F0 /* InfoPlist.strings */,
				778BA33619B8917A005352F0 /* main.m */,
				778BA33819B8917A005352F0 /* pso-Prefix.pch */,
			);
			name = "Supporting Files";
			sourceTree = "<group>";
		};
		778BA34F19B8917A005352F0 /* psoTests */ = {
			isa = PBXGroup;
			children = (
				778BA35519B8917A005352F0 /* psoTests.m */,
				778BA35019B8917A005352F0 /* Supporting Files */,
			);
			path = psoTests;
			sourceTree = "<group>";
		};
		778BA35019B8917A005352F0 /* Supporting Files */ = {
			isa = PBXGroup;
			children = (
				778BA35119B8917A005352F0 /* psoTests-Info.plist */,
				778BA35219B8917A005352F0 /* InfoPlist.strings */,
			);
			name = "Supporting Files";
			sourceTree = "<group>";
		};
/* End PBXGroup section */

/* Begin PBXNativeTarget section */
		778BA32619B8917A005352F0 /* pso */ = {
			isa = PBXNativeTarget;
			buildConfigurationList = 778BA35919B8917A005352F0 /* Build configuration list for PBXNativeTarget "pso" */;
			buildPhases = (
				778BA32319B8917A005352F0 /* Sources */,
				778BA32419B8917A005352F0 /* Frameworks */,
				778BA32519B8917A005352F0 /* Resources */,
			);
			buildRules = (
			);
			dependencies = (
			);
			name = pso;
			productName = pso;
			productReference = 778BA32719B8917A005352F0 /* pso.app */;
			productType = "com.apple.product-type.application";
		};
		778BA34719B8917A005352F0 /* psoTests */ = {
			isa = PBXNativeTarget;
			buildConfigurationList = 778BA35C19B8917A005352F0 /* Build configuration list for PBXNativeTarget "psoTests" */;
			buildPhases = (
				778BA34419B8917A005352F0 /* Sources */,
				778BA34519B8917A005352F0 /* Frameworks */,
				778BA34619B8917A005352F0 /* Resources */,
			);
			buildRules = (
			);
			dependencies = (
				778BA34E19B8917A005352F0 /* PBXTargetDependency */,
			);
			name = psoTests;
			productName = psoTests;
			productReference = 778BA34819B8917A005352F0 /* psoTests.xctest */;
			productType = "com.apple.product-type.bundle.unit-test";
		};
/* End PBXNativeTarget section */

/* Begin PBXProject section */
		778BA31F19B8917A005352F0 /* Project object */ = {
			isa = PBXProject;
			attributes = {
				LastUpgradeCheck = 0510;
				ORGANIZATIONNAME = myname;
				TargetAttributes = {
					778BA34719B8917A005352F0 = {
						TestTargetID = 778BA32619B8917A005352F0;
					};
				};
			};
			buildConfigurationList = 778BA32219B8917A005352F0 /* Build configuration list for PBXProject "pso" */;
			compatibilityVersion = "Xcode 3.2";
			developmentRegion = English;
			hasScannedForEncodings = 0;
			knownRegions = (
				en,
				Base,
			);
			mainGroup = 778BA31E19B8917A005352F0;
			productRefGroup = 778BA32819B8917A005352F0 /* Products */;
			projectDirPath = "";
			projectRoot = "";
			targets = (
				778BA32619B8917A005352F0 /* pso */,
				778BA34719B8917A005352F0 /* psoTests */,
			);
		};
/* End PBXProject section */

/* Begin PBXResourcesBuildPhase section */
		778BA32519B8917A005352F0 /* Resources */ = {
			isa = PBXResourcesBuildPhase;
			buildActionMask = 2147483647;
			files = (
				778BA34319B8917A005352F0 /* Images.xcassets in Resources */,
				778BA33519B8917A005352F0 /* InfoPlist.strings in Resources */,
				778BA33E19B8917A005352F0 /* Main.storyboard in Resources */,
			);
			runOnlyForDeploymentPostprocessing = 0;
		};
		778BA34619B8917A005352F0 /* Resources */ = {
			isa = PBXResourcesBuildPhase;
			buildActionMask = 2147483647;
			files = (
				778BA35419B8917A005352F0 /* InfoPlist.strings in Resources */,
			);
			runOnlyForDeploymentPostprocessing = 0;
		};
/* End PBXResourcesBuildPhase section */

/* Begin PBXSourcesBuildPhase section */
		778BA32319B8917A005352F0 /* Sources */ = {
			isa = PBXSourcesBuildPhase;
			buildActionMask = 2147483647;
			files = (
				778BA34119B8917A005352F0 /* ViewController.m in Sources */,
				778BA33B19B8917A005352F0 /* AppDelegate.m in Sources */,
				778BA33719B8917A005352F0 /* main.m in Sources */,
			);
			runOnlyForDeploymentPostprocessing = 0;
		};
		778BA34419B8917A005352F0 /* Sources */ = {
			isa = PBXSourcesBuildPhase;
			buildActionMask = 2147483647;
			files = (
				778BA35619B8917A005352F0 /* psoTests.m in Sources */,
			);
			runOnlyForDeploymentPostprocessing = 0;
		};
/* End PBXSourcesBuildPhase section */

/* Begin PBXTargetDependency section */
		778BA34E19B8917A005352F0 /* PBXTargetDependency */ = {
			isa = PBXTargetDependency;
			target = 778BA32619B8917A005352F0 /* pso */;
			targetProxy = 778BA34D19B8917A005352F0 /* PBXContainerItemProxy */;
		};
/* End PBXTargetDependency section */

/* Begin PBXVariantGroup section */
		778BA33319B8917A005352F0 /* InfoPlist.strings */ = {
			isa = PBXVariantGroup;
			children = (
				778BA33419B8917A005352F0 /* en */,
			);
			name = InfoPlist.strings;
			sourceTree = "<group>";
		};
		778BA33C19B8917A005352F0 /* Main.storyboard */ = {
			isa = PBXVariantGroup;
			children = (
				778BA33D19B8917A005352F0 /* Base */,
			);
			name = Main.storyboard;
			sourceTree = "<group>";
		};
		778BA35219B8917A005352F0 /* InfoPlist.strings */ = {
			isa = PBXVariantGroup;
			children = (
				778BA35319B8917A005352F0 /* en */,
			);
			name = InfoPlist.strings;
			sourceTree = "<group>";
		};
/* End PBXVariantGroup section */

/* Begin XCBuildConfiguration section */
		778BA35719B8917A005352F0 /* Debug */ = {
			isa = XCBuildConfiguration;
			buildSettings = {
				ALWAYS_SEARCH_USER_PATHS = NO;
				CLANG_CXX_LANGUAGE_STANDARD = "gnu++0x";
				CLANG_CXX_LIBRARY = "libc++";
				CLANG_ENABLE_MODULES = YES;
				CLANG_ENABLE_OBJC_ARC = YES;
				CLANG_WARN_BOOL_CONVERSION = YES;
				CLANG_WARN_CONSTANT_CONVERSION = YES;
				CLANG_WARN_DIRECT_OBJC_ISA_USAGE = YES_ERROR;
				CLANG_WARN_EMPTY_BODY = YES;
				CLANG_WARN_ENUM_CONVERSION = YES;
				CLANG_WARN_INT_CONVERSION = YES;
				CLANG_WARN_OBJC_ROOT_CLASS = YES_ERROR;
				CLANG_WARN__DUPLICATE_METHOD_MATCH = YES;
				"CODE_SIGN_IDENTITY[sdk=iphoneos*]" = "iPhone Developer";
				COPY_PHASE_STRIP = NO;
				GCC_C_LANGUAGE_STANDARD = gnu99;
				GCC_DYNAMIC_NO_PIC = NO;
				GCC_OPTIMIZATION_LEVEL = 0;
				GCC_PREPROCESSOR_DEFINITIONS = (
					"DEBUG=1",
					"$(inherited)",
				);
				GCC_SYMBOLS_PRIVATE_EXTERN = NO;
				GCC_WARN_64_TO_32_BIT_CONVERSION = YES;
				GCC_WARN_ABOUT_RETURN_TYPE = YES_ERROR;
				GCC_WARN_UNDECLARED_SELECTOR = YES;
				GCC_WARN_UNINITIALIZED_AUTOS = YES_AGGRESSIVE;
				GCC_WARN_UNUSED_FUNCTION = YES;
				GCC_WARN_UNUSED_VARIABLE = YES;
				IPHONEOS_DEPLOYMENT_TARGET = 7.1;
				ONLY_ACTIVE_ARCH = YES;
				SDKROOT = iphoneos;
			};
			name = Debug;
		};
		778BA35819B8917A005352F0 /* Release */ = {
			isa = XCBuildConfiguration;
			buildSettings = {
				ALWAYS_SEARCH_USER_PATHS = NO;
				CLANG_CXX_LANGUAGE_STANDARD = "gnu++0x";
				CLANG_CXX_LIBRARY = "libc++";
				CLANG_ENABLE_MODULES = YES;
				CLANG_ENABLE_OBJC_ARC = YES;
				CLANG_WARN_BOOL_CONVERSION = YES;
				CLANG_WARN_CONSTANT_CONVERSION = YES;
				CLANG_WARN_DIRECT_OBJC_ISA_USAGE = YES_ERROR;
				CLANG_WARN_EMPTY_BODY = YES;
				CLANG_WARN_ENUM_CONVERSION = YES;
				CLANG_WARN_INT_CONVERSION = YES;
				CLANG_WARN_OBJC_ROOT_CLASS = YES_ERROR;
				CLANG_WARN__DUPLICATE_METHOD_MATCH = YES;
				"CODE_SIGN_IDENTITY[sdk=iphoneos*]" = "iPhone Developer";
				COPY_PHASE_STRIP = YES;
				ENABLE_NS_ASSERTIONS = NO;
				GCC_C_LANGUAGE_STANDARD = gnu99;
				GCC_WARN_64_TO_32_BIT_CONVERSION = YES;
				GCC_WARN_ABOUT_RETURN_TYPE = YES_ERROR;
				GCC_WARN_UNDECLARED_SELECTOR = YES;
				GCC_WARN_UNINITIALIZED_AUTOS = YES_AGGRESSIVE;
				GCC_WARN_UNUSED_FUNCTION = YES;
				GCC_WARN_UNUSED_VARIABLE = YES;
				IPHONEOS_DEPLOYMENT_TARGET = 7.1;
				SDKROOT = iphoneos;
				VALIDATE_PRODUCT = YES;
			};
			name = Release;
		};
		778BA35A19B8917A005352F0 /* Debug */ = {
			isa = XCBuildConfiguration;
			buildSettings = {
				ASSETCATALOG_COMPILER_APPICON_NAME = AppIcon;
				ASSETCATALOG_COMPILER_LAUNCHIMAGE_NAME = LaunchImage;
				GCC_PRECOMPILE_PREFIX_HEADER = YES;
				GCC_PREFIX_HEADER = "pso/pso-Prefix.pch";
				INFOPLIST_FILE = "pso/pso-Info.plist";
				PRODUCT_NAME = "$(TARGET_NAME)";
				WRAPPER_EXTENSION = app;
			};
			name = Debug;
		};
		778BA35B19B8917A005352F0 /* Release */ = {
			isa = XCBuildConfiguration;
			buildSettings = {
				ASSETCATALOG_COMPILER_APPICON_NAME = AppIcon;
				ASSETCATALOG_COMPILER_LAUNCHIMAGE_NAME = LaunchImage;
				GCC_PRECOMPILE_PREFIX_HEADER = YES;
				GCC_PREFIX_HEADER = "pso/pso-Prefix.pch";
				INFOPLIST_FILE = "pso/pso-Info.plist";
				PRODUCT_NAME = "$(TARGET_NAME)";
				WRAPPER_EXTENSION = app;
			};
			name = Release;
		};
		778BA35D19B8917A005352F0 /* Debug */ = {
			isa = XCBuildConfiguration;
			buildSettings = {
				BUNDLE_LOADER = "$(BUILT_PRODUCTS_DIR)/pso.app/pso";
				FRAMEWORK_SEARCH_PATHS = (
					"$(SDKROOT)/Developer/Library/Frameworks",
					"$(inherited)",
					"$(DEVELOPER_FRAMEWORKS_DIR)",
				);
				GCC_PRECOMPILE_PREFIX_HEADER = YES;
				GCC_PREFIX_HEADER = "pso/pso-Prefix.pch";
				GCC_PREPROCESSOR_DEFINITIONS = (
					"DEBUG=1",
					"$(inherited)",
				);
				INFOPLIST_FILE = "psoTests/psoTests-Info.plist";
				PRODUCT_NAME = "$(TARGET_NAME)";
				TEST_HOST = "$(BUNDLE_LOADER)";
				WRAPPER_EXTENSION = xctest;
			};
			name = Debug;
		};
		778BA35E19B8917A005352F0 /* Release */ = {
			isa = XCBuildConfiguration;
			buildSettings = {
				BUNDLE_LOADER = "$(BUILT_PRODUCTS_DIR)/pso.app/pso";
				FRAMEWORK_SEARCH_PATHS = (
					"$(SDKROOT)/Developer/Library/Frameworks",
					"$(inherited)",
					"$(DEVELOPER_FRAMEWORKS_DIR)",
				);
				GCC_PRECOMPILE_PREFIX_HEADER = YES;
				GCC_PREFIX_HEADER = "pso/pso-Prefix.pch";
				INFOPLIST_FILE = "psoTests/psoTests-Info.plist";
				PRODUCT_NAME = "$(TARGET_NAME)";
				TEST_HOST = "$(BUNDLE_LOADER)";
				WRAPPER_EXTENSION = xctest;
			};
			name = Release;
		};
/* End XCBuildConfiguration section */

/* Begin XCConfigurationList section */
		778BA32219B8917A005352F0 /* Build configuration list for PBXProject "pso" */ = {
			isa = XCConfigurationList;
			buildConfigurations = (
				778BA35719B8917A005352F0 /* Debug */,
				778BA35819B8917A005352F0 /* Release */,
			);
			defaultConfigurationIsVisible = 0;
			defaultConfigurationName = Release;
		};
		778BA35919B8917A005352F0 /* Build configuration list for PBXNativeTarget "pso" */ = {
			isa = XCConfigurationList;
			buildConfigurations = (
				778BA35A19B8917A005352F0 /* Debug */,
				778BA35B19B8917A005352F0 /* Release */,
			);
			defaultConfigurationIsVisible = 0;
		};
		778BA35C19B8917A005352F0 /* Build configuration list for PBXNativeTarget "psoTests" */ = {
			isa = XCConfigurationList;
			buildConfigurations = (
				778BA35D19B8917A005352F0 /* Debug */,
				778BA35E19B8917A005352F0 /* Release */,
			);
			defaultConfigurationIsVisible = 0;
		};
/* End XCConfigurationList section */
	};
	rootObject = 778BA31F19B8917A005352F0 /* Project object */;
}
